// !$*UTF8*$!
{
	archiveVersion = 1;
	classes = {
	};
	objectVersion = 55;
	objects = {

/* Begin PBXBuildFile section */
		0D24B8BD27264DE6009D6F1E /* AppDelegate.swift in Sources */ = {isa = PBXBuildFile; fileRef = 0D24B8BC27264DE6009D6F1E /* AppDelegate.swift */; };
		0D24B8BF27264DE6009D6F1E /* SceneDelegate.swift in Sources */ = {isa = PBXBuildFile; fileRef = 0D24B8BE27264DE6009D6F1E /* SceneDelegate.swift */; };
		0D24B8C127264DE6009D6F1E /* ViewController.swift in Sources */ = {isa = PBXBuildFile; fileRef = 0D24B8C027264DE6009D6F1E /* ViewController.swift */; };
		0D24B8C427264DE6009D6F1E /* Main.storyboard in Resources */ = {isa = PBXBuildFile; fileRef = 0D24B8C227264DE6009D6F1E /* Main.storyboard */; };
		0D24B8C727264DE6009D6F1E /* appPrefrences.xcdatamodeld in Sources */ = {isa = PBXBuildFile; fileRef = 0D24B8C527264DE6009D6F1E /* appPrefrences.xcdatamodeld */; };
		0D24B8C927264DE8009D6F1E /* Assets.xcassets in Resources */ = {isa = PBXBuildFile; fileRef = 0D24B8C827264DE8009D6F1E /* Assets.xcassets */; };
		0D24B8CC27264DE8009D6F1E /* LaunchScreen.storyboard in Resources */ = {isa = PBXBuildFile; fileRef = 0D24B8CA27264DE8009D6F1E /* LaunchScreen.storyboard */; };
/* End PBXBuildFile section */

/* Begin PBXFileReference section */
		0D24B8B927264DE6009D6F1E /* appPrefrences.app */ = {isa = PBXFileReference; explicitFileType = wrapper.application; includeInIndex = 0; path = appPrefrences.app; sourceTree = BUILT_PRODUCTS_DIR; };
		0D24B8BC27264DE6009D6F1E /* AppDelegate.swift */ = {isa = PBXFileReference; lastKnownFileType = sourcecode.swift; path = AppDelegate.swift; sourceTree = "<group>"; };
		0D24B8BE27264DE6009D6F1E /* SceneDelegate.swift */ = {isa = PBXFileReference; lastKnownFileType = sourcecode.swift; path = SceneDelegate.swift; sourceTree = "<group>"; };
		0D24B8C027264DE6009D6F1E /* ViewController.swift */ = {isa = PBXFileReference; lastKnownFileType = sourcecode.swift; path = ViewController.swift; sourceTree = "<group>"; };
		0D24B8C327264DE6009D6F1E /* Base */ = {isa = PBXFileReference; lastKnownFileType = file.storyboard; name = Base; path = Base.lproj/Main.storyboard; sourceTree = "<group>"; };
		0D24B8C627264DE6009D6F1E /* appPrefrences.xcdatamodel */ = {isa = PBXFileReference; lastKnownFileType = wrapper.xcdatamodel; path = appPrefrences.xcdatamodel; sourceTree = "<group>"; };
		0D24B8C827264DE8009D6F1E /* Assets.xcassets */ = {isa = PBXFileReference; lastKnownFileType = folder.assetcatalog; path = Assets.xcassets; sourceTree = "<group>"; };
		0D24B8CB27264DE8009D6F1E /* Base */ = {isa = PBXFileReference; lastKnownFileType = file.storyboard; name = Base; path = Base.lproj/LaunchScreen.storyboard; sourceTree = "<group>"; };
		0D24B8CD27264DE8009D6F1E /* Info.plist */ = {isa = PBXFileReference; lastKnownFileType = text.plist.xml; path = Info.plist; sourceTree = "<group>"; };
/* End PBXFileReference section */

/* Begin PBXFrameworksBuildPhase section */
		0D24B8B627264DE6009D6F1E /* Frameworks */ = {
			isa = PBXFrameworksBuildPhase;
			buildActionMask = 2147483647;
			files = (
			);
			runOnlyForDeploymentPostprocessing = 0;
		};
/* End PBXFrameworksBuildPhase section */

/* Begin PBXGroup section */
		0D24B8B027264DE6009D6F1E = {
			isa = PBXGroup;
			children = (
				0D24B8BB27264DE6009D6F1E /* appPrefrences */,
				0D24B8BA27264DE6009D6F1E /* Products */,
			);
			sourceTree = "<group>";
		};
		0D24B8BA27264DE6009D6F1E /* Products */ = {
			isa = PBXGroup;
			children = (
				0D24B8B927264DE6009D6F1E /* appPrefrences.app */,
			);
			name = Products;
			sourceTree = "<group>";
		};
		0D24B8BB27264DE6009D6F1E /* appPrefrences */ = {
			isa = PBXGroup;
			children = (
				0D24B8BC27264DE6009D6F1E /* AppDelegate.swift */,
				0D24B8BE27264DE6009D6F1E /* SceneDelegate.swift */,
				0D24B8C027264DE6009D6F1E /* ViewController.swift */,
				0D24B8C227264DE6009D6F1E /* Main.storyboard */,
				0D24B8C827264DE8009D6F1E /* Assets.xcassets */,
				0D24B8CA27264DE8009D6F1E /* LaunchScreen.storyboard */,
				0D24B8CD27264DE8009D6F1E /* Info.plist */,
				0D24B8C527264DE6009D6F1E /* appPrefrences.xcdatamodeld */,
			);
			path = appPrefrences;
			sourceTree = "<group>";
		};
/* End PBXGroup section */

/* Begin PBXNativeTarget section */
		0D24B8B827264DE6009D6F1E /* appPrefrences */ = {
			isa = PBXNativeTarget;
			buildConfigurationList = 0D24B8D027264DE8009D6F1E /* Build configuration list for PBXNativeTarget "appPrefrences" */;
			buildPhases = (
				0D24B8B527264DE6009D6F1E /* Sources */,
				0D24B8B627264DE6009D6F1E /* Frameworks */,
				0D24B8B727264DE6009D6F1E /* Resources */,
			);
			buildRules = (
			);
			dependencies = (
			);
			name = appPrefrences;
			productName = appPrefrences;
			productReference = 0D24B8B927264DE6009D6F1E /* appPrefrences.app */;
			productType = "com.apple.product-type.application";
		};
/* End PBXNativeTarget section */

/* Begin PBXProject section */
		0D24B8B127264DE6009D6F1E /* Project object */ = {
			isa = PBXProject;
			attributes = {
				BuildIndependentTargetsInParallel = 1;
				LastSwiftUpdateCheck = 1300;
				LastUpgradeCheck = 1300;
				TargetAttributes = {
					0D24B8B827264DE6009D6F1E = {
						CreatedOnToolsVersion = 13.0;
					};
				};
			};
			buildConfigurationList = 0D24B8B427264DE6009D6F1E /* Build configuration list for PBXProject "appPrefrences" */;
			compatibilityVersion = "Xcode 13.0";
			developmentRegion = en;
			hasScannedForEncodings = 0;
			knownRegions = (
				en,
				Base,
			);
			mainGroup = 0D24B8B027264DE6009D6F1E;
			productRefGroup = 0D24B8BA27264DE6009D6F1E /* Products */;
			projectDirPath = "";
			projectRoot = "";
			targets = (
				0D24B8B827264DE6009D6F1E /* appPrefrences */,
			);
		};
/* End PBXProject section */

/* Begin PBXResourcesBuildPhase section */
		0D24B8B727264DE6009D6F1E /* Resources */ = {
			isa = PBXResourcesBuildPhase;
			buildActionMask = 2147483647;
			files = (
				0D24B8CC27264DE8009D6F1E /* LaunchScreen.storyboard in Resources */,
				0D24B8C927264DE8009D6F1E /* Assets.xcassets in Resources */,
				0D24B8C427264DE6009D6F1E /* Main.storyboard in Resources */,
			);
			runOnlyForDeploymentPostprocessing = 0;
		};
/* End PBXResourcesBuildPhase section */

/* Begin PBXSourcesBuildPhase section */
		0D24B8B527264DE6009D6F1E /* Sources */ = {
			isa = PBXSourcesBuildPhase;
			buildActionMask = 2147483647;
			files = (
				0D24B8C727264DE6009D6F1E /* appPrefrences.xcdatamodeld in Sources */,
				0D24B8C127264DE6009D6F1E /* ViewController.swift in Sources */,
				0D24B8BD27264DE6009D6F1E /* AppDelegate.swift in Sources */,
				0D24B8BF27264DE6009D6F1E /* SceneDelegate.swift in Sources */,
			);
			runOnlyForDeploymentPostprocessing = 0;
		};
/* End PBXSourcesBuildPhase section */

/* Begin PBXVariantGroup section */
		0D24B8C227264DE6009D6F1E /* Main.storyboard */ = {
			isa = PBXVariantGroup;
			children = (
				0D24B8C327264DE6009D6F1E /* Base */,
			);
			name = Main.storyboard;
			sourceTree = "<group>";
		};
		0D24B8CA27264DE8009D6F1E /* LaunchScreen.storyboard */ = {
			isa = PBXVariantGroup;
			children = (
				0D24B8CB27264DE8009D6F1E /* Base */,
			);
			name = LaunchScreen.storyboard;
			sourceTree = "<group>";
		};
/* End PBXVariantGroup section */

/* Begin XCBuildConfiguration section */
		0D24B8CE27264DE8009D6F1E /* Debug */ = {
			isa = XCBuildConfiguration;
			buildSettings = {
				ALWAYS_SEARCH_USER_PATHS = NO;
				CLANG_ANALYZER_NONNULL = YES;
				CLANG_ANALYZER_NUMBER_OBJECT_CONVERSION = YES_AGGRESSIVE;
				CLANG_CXX_LANGUAGE_STANDARD = "gnu++17";
				CLANG_CXX_LIBRARY = "libc++";
				CLANG_ENABLE_MODULES = YES;
				CLANG_ENABLE_OBJC_ARC = YES;
				CLANG_ENABLE_OBJC_WEAK = YES;
				CLANG_WARN_BLOCK_CAPTURE_AUTORELEASING = YES;
				CLANG_WARN_BOOL_CONVERSION = YES;
				CLANG_WARN_COMMA = YES;
				CLANG_WARN_CONSTANT_CONVERSION = YES;
				CLANG_WARN_DEPRECATED_OBJC_IMPLEMENTATIONS = YES;
				CLANG_WARN_DIRECT_OBJC_ISA_USAGE = YES_ERROR;
				CLANG_WARN_DOCUMENTATION_COMMENTS = YES;
				CLANG_WARN_EMPTY_BODY = YES;
				CLANG_WARN_ENUM_CONVERSION = YES;
				CLANG_WARN_INFINITE_RECURSION = YES;
				CLANG_WARN_INT_CONVERSION = YES;
				CLANG_WARN_NON_LITERAL_NULL_CONVERSION = YES;
				CLANG_WARN_OBJC_IMPLICIT_RETAIN_SELF = YES;
				CLANG_WARN_OBJC_LITERAL_CONVERSION = YES;
				CLANG_WARN_OBJC_ROOT_CLASS = YES_ERROR;
				CLANG_WARN_QUOTED_INCLUDE_IN_FRAMEWORK_HEADER = YES;
				CLANG_WARN_RANGE_LOOP_ANALYSIS = YES;
				CLANG_WARN_STRICT_PROTOTYPES = YES;
				CLANG_WARN_SUSPICIOUS_MOVE = YES;
				CLANG_WARN_UNGUARDED_AVAILABILITY = YES_AGGRESSIVE;
				CLANG_WARN_UNREACHABLE_CODE = YES;
				CLANG_WARN__DUPLICATE_METHOD_MATCH = YES;
				COPY_PHASE_STRIP = NO;
				DEBUG_INFORMATION_FORMAT = dwarf;
				ENABLE_STRICT_OBJC_MSGSEND = YES;
				ENABLE_TESTABILITY = YES;
				GCC_C_LANGUAGE_STANDARD = gnu11;
				GCC_DYNAMIC_NO_PIC = NO;
				GCC_NO_COMMON_BLOCKS = YES;
				GCC_OPTIMIZATION_LEVEL = 0;
				GCC_PREPROCESSOR_DEFINITIONS = (
					"DEBUG=1",
					"$(inherited)",
				);
				GCC_WARN_64_TO_32_BIT_CONVERSION = YES;
				GCC_WARN_ABOUT_RETURN_TYPE = YES_ERROR;
				GCC_WARN_UNDECLARED_SELECTOR = YES;
				GCC_WARN_UNINITIALIZED_AUTOS = YES_AGGRESSIVE;
				GCC_WARN_UNUSED_FUNCTION = YES;
				GCC_WARN_UNUSED_VARIABLE = YES;
				IPHONEOS_DEPLOYMENT_TARGET = 15.0;
				MTL_ENABLE_DEBUG_INFO = INCLUDE_SOURCE;
				MTL_FAST_MATH = YES;
				ONLY_ACTIVE_ARCH = YES;
				SDKROOT = iphoneos;
				SWIFT_ACTIVE_COMPILATION_CONDITIONS = DEBUG;
				SWIFT_OPTIMIZATION_LEVEL = "-Onone";
			};
			name = Debug;
		};
		0D24B8CF27264DE8009D6F1E /* Release */ = {
			isa = XCBuildConfiguration;
			buildSettings = {
				ALWAYS_SEARCH_USER_PATHS = NO;
				CLANG_ANALYZER_NONNULL = YES;
				CLANG_ANALYZER_NUMBER_OBJECT_CONVERSION = YES_AGGRESSIVE;
				CLANG_CXX_LANGUAGE_STANDARD = "gnu++17";
				CLANG_CXX_LIBRARY = "libc++";
				CLANG_ENABLE_MODULES = YES;
				CLANG_ENABLE_OBJC_ARC = YES;
				CLANG_ENABLE_OBJC_WEAK = YES;
				CLANG_WARN_BLOCK_CAPTURE_AUTORELEASING = YES;
				CLANG_WARN_BOOL_CONVERSION = YES;
				CLANG_WARN_COMMA = YES;
				CLANG_WARN_CONSTANT_CONVERSION = YES;
				CLANG_WARN_DEPRECATED_OBJC_IMPLEMENTATIONS = YES;
				CLANG_WARN_DIRECT_OBJC_ISA_USAGE = YES_ERROR;
				CLANG_WARN_DOCUMENTATION_COMMENTS = YES;
				CLANG_WARN_EMPTY_BODY = YES;
				CLANG_WARN_ENUM_CONVERSION = YES;
				CLANG_WARN_INFINITE_RECURSION = YES;
				CLANG_WARN_INT_CONVERSION = YES;
				CLANG_WARN_NON_LITERAL_NULL_CONVERSION = YES;
				CLANG_WARN_OBJC_IMPLICIT_RETAIN_SELF = YES;
				CLANG_WARN_OBJC_LITERAL_CONVERSION = YES;
				CLANG_WARN_OBJC_ROOT_CLASS = YES_ERROR;
				CLANG_WARN_QUOTED_INCLUDE_IN_FRAMEWORK_HEADER = YES;
				CLANG_WARN_RANGE_LOOP_ANALYSIS = YES;
				CLANG_WARN_STRICT_PROTOTYPES = YES;
				CLANG_WARN_SUSPICIOUS_MOVE = YES;
				CLANG_WARN_UNGUARDED_AVAILABILITY = YES_AGGRESSIVE;
				CLANG_WARN_UNREACHABLE_CODE = YES;
				CLANG_WARN__DUPLICATE_METHOD_MATCH = YES;
				COPY_PHASE_STRIP = NO;
				DEBUG_INFORMATION_FORMAT = "dwarf-with-dsym";
				ENABLE_NS_ASSERTIONS = NO;
				ENABLE_STRICT_OBJC_MSGSEND = YES;
				GCC_C_LANGUAGE_STANDARD = gnu11;
				GCC_NO_COMMON_BLOCKS = YES;
				GCC_WARN_64_TO_32_BIT_CONVERSION = YES;
				GCC_WARN_ABOUT_RETURN_TYPE = YES_ERROR;
				GCC_WARN_UNDECLARED_SELECTOR = YES;
				GCC_WARN_UNINITIALIZED_AUTOS = YES_AGGRESSIVE;
				GCC_WARN_UNUSED_FUNCTION = YES;
				GCC_WARN_UNUSED_VARIABLE = YES;
				IPHONEOS_DEPLOYMENT_TARGET = 15.0;
				MTL_ENABLE_DEBUG_INFO = NO;
				MTL_FAST_MATH = YES;
				SDKROOT = iphoneos;
				SWIFT_COMPILATION_MODE = wholemodule;
				SWIFT_OPTIMIZATION_LEVEL = "-O";
				VALIDATE_PRODUCT = YES;
			};
			name = Release;
		};
		0D24B8D127264DE8009D6F1E /* Debug */ = {
			isa = XCBuildConfiguration;
			buildSettings = {
				ASSETCATALOG_COMPILER_APPICON_NAME = AppIcon;
				ASSETCATALOG_COMPILER_GLOBAL_ACCENT_COLOR_NAME = AccentColor;
				CODE_SIGN_STYLE = Automatic;
				CURRENT_PROJECT_VERSION = 1;
				DEVELOPMENT_TEAM = 5SCAU2L2WN;
				GENERATE_INFOPLIST_FILE = YES;
				INFOPLIST_FILE = appPrefrences/Info.plist;
				INFOPLIST_KEY_UIApplicationSupportsIndirectInputEvents = YES;
				INFOPLIST_KEY_UILaunchStoryboardName = LaunchScreen;
				INFOPLIST_KEY_UIMainStoryboardFile = Main;
				INFOPLIST_KEY_UISupportedInterfaceOrientations_iPad = "UIInterfaceOrientationPortrait UIInterfaceOrientationPortraitUpsideDown UIInterfaceOrientationLandscapeLeft UIInterfaceOrientationLandscapeRight";
				INFOPLIST_KEY_UISupportedInterfaceOrientations_iPhone = "UIInterfaceOrientationPortrait UIInterfaceOrientationLandscapeLeft UIInterfaceOrientationLandscapeRight";
				LD_RUNPATH_SEARCH_PATHS = (
					"$(inherited)",
					"@executable_path/Frameworks",
				);
				MARKETING_VERSION = 1.0;
				PRODUCT_BUNDLE_IDENTIFIER = edu.rockvalleycollege.appPrefrences;
				PRODUCT_NAME = "$(TARGET_NAME)";
				SWIFT_EMIT_LOC_STRINGS = YES;
				SWIFT_VERSION = 5.0;
				TARGETED_DEVICE_FAMILY = "1,2";
			};
			name = Debug;
		};
		0D24B8D227264DE8009D6F1E /* Release */ = {
			isa = XCBuildConfiguration;
			buildSettings = {
				ASSETCATALOG_COMPILER_APPICON_NAME = AppIcon;
				ASSETCATALOG_COMPILER_GLOBAL_ACCENT_COLOR_NAME = AccentColor;
				CODE_SIGN_STYLE = Automatic;
				CURRENT_PROJECT_VERSION = 1;
				DEVELOPMENT_TEAM = 5SCAU2L2WN;
				GENERATE_INFOPLIST_FILE = YES;
				INFOPLIST_FILE = appPrefrences/Info.plist;
				INFOPLIST_KEY_UIApplicationSupportsIndirectInputEvents = YES;
				INFOPLIST_KEY_UILaunchStoryboardName = LaunchScreen;
				INFOPLIST_KEY_UIMainStoryboardFile = Main;
				INFOPLIST_KEY_UISupportedInterfaceOrientations_iPad = "UIInterfaceOrientationPortrait UIInterfaceOrientationPortraitUpsideDown UIInterfaceOrientationLandscapeLeft UIInterfaceOrientationLandscapeRight";
				INFOPLIST_KEY_UISupportedInterfaceOrientations_iPhone = "UIInterfaceOrientationPortrait UIInterfaceOrientationLandscapeLeft UIInterfaceOrientationLandscapeRight";
				LD_RUNPATH_SEARCH_PATHS = (
					"$(inherited)",
					"@executable_path/Frameworks",
				);
				MARKETING_VERSION = 1.0;
				PRODUCT_BUNDLE_IDENTIFIER = edu.rockvalleycollege.appPrefrences;
				PRODUCT_NAME = "$(TARGET_NAME)";
				SWIFT_EMIT_LOC_STRINGS = YES;
				SWIFT_VERSION = 5.0;
				TARGETED_DEVICE_FAMILY = "1,2";
			};
			name = Release;
		};
/* End XCBuildConfiguration section */

/* Begin XCConfigurationList section */
		0D24B8B427264DE6009D6F1E /* Build configuration list for PBXProject "appPrefrences" */ = {
			isa = XCConfigurationList;
			buildConfigurations = (
				0D24B8CE27264DE8009D6F1E /* Debug */,
				0D24B8CF27264DE8009D6F1E /* Release */,
			);
			defaultConfigurationIsVisible = 0;
			defaultConfigurationName = Release;
		};
		0D24B8D027264DE8009D6F1E /* Build configuration list for PBXNativeTarget "appPrefrences" */ = {
			isa = XCConfigurationList;
			buildConfigurations = (
				0D24B8D127264DE8009D6F1E /* Debug */,
				0D24B8D227264DE8009D6F1E /* Release */,
			);
			defaultConfigurationIsVisible = 0;
			defaultConfigurationName = Release;
		};
/* End XCConfigurationList section */

/* Begin XCVersionGroup section */
		0D24B8C527264DE6009D6F1E /* appPrefrences.xcdatamodeld */ = {
			isa = XCVersionGroup;
			children = (
				0D24B8C627264DE6009D6F1E /* appPrefrences.xcdatamodel */,
			);
			currentVersion = 0D24B8C627264DE6009D6F1E /* appPrefrences.xcdatamodel */;
			path = appPrefrences.xcdatamodeld;
			sourceTree = "<group>";
			versionGroupType = wrapper.xcdatamodel;
		};
/* End XCVersionGroup section */
	};
	rootObject = 0D24B8B127264DE6009D6F1E /* Project object */;
}
